{
  "name": "nova_proposta",
  "lockfileVersion": 3,
  "requires": true,
  "packages": {
    "": {
      "dependencies": {
        "jquery-mask-plugin": "^1.14.16",
        "maskedinput": "^3.3.11"
      }
    },
    "node_modules/jquery-mask-plugin": {
      "version": "1.14.16",
      "resolved": "https://registry.npmjs.org/jquery-mask-plugin/-/jquery-mask-plugin-1.14.16.tgz",
      "integrity": "sha512-reywdHlYEkPbzWjTpcc1fk9XQ3PLvO5dzEAVqy8zI7NTF22tB1HbeU3iboZTLdkBEPaWAqeI2HtEjsGQ4roZKw=="
    },
    "node_modules/maskedinput": {
      "version": "3.3.11",
      "resolved": "https://registry.npmjs.org/maskedinput/-/maskedinput-3.3.11.tgz",
      "integrity": "sha512-zoCFNzM1S44+9pfNcbCxk/TVrkqCxjvkpzQR6tGyVUsvnjoCUTb0w5TeZNR7PRQpnK6hZrIWqt6zJvd/fzUWmA=="
    }
  }
}
